// !$*UTF8*$!
{
	archiveVersion = 1;
	classes = {
	};
	objectVersion = 77;
	objects = {

/* Begin PBXBuildFile section */
		A10000000000000000000030 /* Share.appex in Embed Foundation Extensions */ = {isa = PBXBuildFile; fileRef = A10000000000000000000021 /* Share.appex */; settings = {ATTRIBUTES = (RemoveHeadersOnCopy, ); }; };
/* End PBXBuildFile section */

/* Begin PBXContainerItemProxy section */
		A10000000000000000000032 /* PBXContainerItemProxy */ = {isa = PBXContainerItemProxy; containerPortal = A10000000000000000000010 /* Project object */; proxyType = 1; remoteGlobalIDString = A10000000000000000000023; remoteInfo = Share; };
		A10000000000000000000049 /* PBXContainerItemProxy */ = {isa = PBXContainerItemProxy; containerPortal = A10000000000000000000010 /* Project object */; proxyType = 1; remoteGlobalIDString = A10000000000000000000006; remoteInfo = Orbital; };
/* End PBXContainerItemProxy section */

/* Begin PBXCopyFilesBuildPhase section */
		A10000000000000000000031 /* Embed Foundation Extensions */ = {isa = PBXCopyFilesBuildPhase; buildActionMask = 2147483647; dstPath = ""; dstSubfolderSpec = 13; files = (A10000000000000000000030 /* Share.appex in Embed Foundation Extensions */, ); name = "Embed Foundation Extensions"; runOnlyForDeploymentPostprocessing = 0; };
/* End PBXCopyFilesBuildPhase section */

/* Begin PBXFileReference section */
		A10000000000000000000001 /* Orbital.app */ = {isa = PBXFileReference; explicitFileType = wrapper.application; includeInIndex = 0; path = Orbital.app; sourceTree = BUILT_PRODUCTS_DIR; };
		A10000000000000000000021 /* Share.appex */ = {isa = PBXFileReference; explicitFileType = "wrapper.app-extension"; includeInIndex = 0; path = Share.appex; sourceTree = BUILT_PRODUCTS_DIR; };
		A10000000000000000000040 /* OrbitalUITests.xctest */ = {isa = PBXFileReference; explicitFileType = wrapper.cfbundle; includeInIndex = 0; path = OrbitalUITests.xctest; sourceTree = BUILT_PRODUCTS_DIR; };
/* End PBXFileReference section */

/* Begin PBXFileSystemSynchronizedRootGroup section */
		A10000000000000000000002 /* Orbital */ = {isa = PBXFileSystemSynchronizedRootGroup; path = Orbital; sourceTree = "<group>"; };
		A10000000000000000000022 /* Share */ = {isa = PBXFileSystemSynchronizedRootGroup; path = Share; sourceTree = "<group>"; };
		A10000000000000000000041 /* OrbitalUITests */ = {isa = PBXFileSystemSynchronizedRootGroup; path = OrbitalUITests; sourceTree = "<group>"; };
/* End PBXFileSystemSynchronizedRootGroup section */

/* Begin PBXFrameworksBuildPhase section */
		A10000000000000000000003 /* Frameworks */ = {isa = PBXFrameworksBuildPhase; buildActionMask = 2147483647; files = (); runOnlyForDeploymentPostprocessing = 0; };
		A10000000000000000000026 /* Frameworks */ = {isa = PBXFrameworksBuildPhase; buildActionMask = 2147483647; files = (); runOnlyForDeploymentPostprocessing = 0; };
		A10000000000000000000044 /* Frameworks */ = {isa = PBXFrameworksBuildPhase; buildActionMask = 2147483647; files = (); runOnlyForDeploymentPostprocessing = 0; };
/* End PBXFrameworksBuildPhase section */

/* Begin PBXGroup section */
		A10000000000000000000004 = {isa = PBXGroup; children = (A10000000000000000000002 /* Orbital */, A10000000000000000000022 /* Share */, A10000000000000000000041 /* OrbitalUITests */, A10000000000000000000005 /* Products */); sourceTree = "<group>"; };
		A10000000000000000000005 /* Products */ = {isa = PBXGroup; children = (A10000000000000000000001 /* Orbital.app */, A10000000000000000000021 /* Share.appex */, A10000000000000000000040 /* OrbitalUITests.xctest */); name = Products; sourceTree = "<group>"; };
/* End PBXGroup section */

/* Begin PBXNativeTarget section */
		A10000000000000000000006 /* Orbital */ = {
			isa = PBXNativeTarget;
			buildConfigurationList = A10000000000000000000011 /* Build configuration list for PBXNativeTarget "Orbital" */;
			buildPhases = (
				A10000000000000000000007 /* Sources */,
				A10000000000000000000003 /* Frameworks */,
				A10000000000000000000008 /* Resources */,
				A10000000000000000000009 /* Bundle engine */,
				A10000000000000000000031 /* Embed Foundation Extensions */,
			);
			buildRules = ();
			dependencies = (A10000000000000000000033 /* PBXTargetDependency */);
			fileSystemSynchronizedGroups = (A10000000000000000000002 /* Orbital */);
			name = Orbital;
			productName = Orbital;
			productReference = A10000000000000000000001 /* Orbital.app */;
			productType = "com.apple.product-type.application";
		};
		A10000000000000000000023 /* Share */ = {
			isa = PBXNativeTarget;
			buildConfigurationList = A10000000000000000000024 /* Build configuration list for PBXNativeTarget "Share" */;
			buildPhases = (A10000000000000000000025 /* Sources */, A10000000000000000000026 /* Frameworks */, A10000000000000000000027 /* Resources */);
			buildRules = ();
			dependencies = ();
			fileSystemSynchronizedGroups = (A10000000000000000000022 /* Share */);
			name = Share;
			productName = Share;
			productReference = A10000000000000000000021 /* Share.appex */;
			productType = "com.apple.product-type.app-extension";
		};
		A10000000000000000000042 /* OrbitalUITests */ = {
			isa = PBXNativeTarget;
			buildConfigurationList = A10000000000000000000046 /* Build configuration list for PBXNativeTarget "OrbitalUITests" */;
			buildPhases = (A10000000000000000000043 /* Sources */, A10000000000000000000044 /* Frameworks */, A10000000000000000000045 /* Resources */);
			buildRules = ();
			dependencies = (A1000000000000000000004A /* PBXTargetDependency */);
			fileSystemSynchronizedGroups = (A10000000000000000000041 /* OrbitalUITests */);
			name = OrbitalUITests;
			productName = OrbitalUITests;
			productReference = A10000000000000000000040 /* OrbitalUITests.xctest */;
			productType = "com.apple.product-type.bundle.ui-testing";
		};
/* End PBXNativeTarget section */

/* Begin PBXProject section */
		A10000000000000000000010 /* Project object */ = {
			isa = PBXProject;
			attributes = {
				BuildIndependentTargetsInParallel = 1;
				LastSwiftUpdateCheck = 2600;
				LastUpgradeCheck = 2600;
				TargetAttributes = { A10000000000000000000006 = { CreatedOnToolsVersion = 26.0; }; A10000000000000000000023 = { CreatedOnToolsVersion = 26.0; }; A10000000000000000000042 = { CreatedOnToolsVersion = 26.0; TestTargetID = A10000000000000000000006; }; };
			};
			buildConfigurationList = A10000000000000000000012 /* Build configuration list for PBXProject "Orbital" */;
			developmentRegion = en;
			hasScannedForEncodings = 0;
			knownRegions = (en, Base);
			mainGroup = A10000000000000000000004;
			minimizedProjectReferenceProxies = 1;
			preferredProjectObjectVersion = 77;
			productRefGroup = A10000000000000000000005 /* Products */;
			projectDirPath = "";
			projectRoot = "";
			targets = (A10000000000000000000006 /* Orbital */, A10000000000000000000023 /* Share */, A10000000000000000000042 /* OrbitalUITests */);
		};
/* End PBXProject section */

/* Begin PBXResourcesBuildPhase section */
		A10000000000000000000008 /* Resources */ = {isa = PBXResourcesBuildPhase; buildActionMask = 2147483647; files = (); runOnlyForDeploymentPostprocessing = 0; };
		A10000000000000000000027 /* Resources */ = {isa = PBXResourcesBuildPhase; buildActionMask = 2147483647; files = (); runOnlyForDeploymentPostprocessing = 0; };
		A10000000000000000000045 /* Resources */ = {isa = PBXResourcesBuildPhase; buildActionMask = 2147483647; files = (); runOnlyForDeploymentPostprocessing = 0; };
/* End PBXResourcesBuildPhase section */

/* Begin PBXShellScriptBuildPhase section */
		A10000000000000000000009 /* Bundle engine */ = {
			isa = PBXShellScriptBuildPhase;
			alwaysOutOfDate = 1;
			buildActionMask = 2147483647;
			files = ();
			inputPaths = ();
			name = "Bundle engine";
			outputPaths = ();
			runOnlyForDeploymentPostprocessing = 0;
			shellPath = /bin/sh;
			shellScript = "# the SDK and main/timeline.js, bundled into the app (ios/engine/build.js)\nBUN=\"$HOME/.bun/bin/bun\"\n[ -x \"$BUN\" ] || BUN=bun\ncommand -v \"$BUN\" >/dev/null || { echo \"error: Bun bundles the engine: brew install oven-sh/bun/bun (ios/README.md)\"; exit 1; }\n\"$BUN\" \"$SRCROOT/engine/build.js\" \"$TARGET_BUILD_DIR/$UNLOCALIZED_RESOURCES_FOLDER_PATH/engine.js\"\n";
		};
/* End PBXShellScriptBuildPhase section */

/* Begin PBXSourcesBuildPhase section */
		A10000000000000000000007 /* Sources */ = {isa = PBXSourcesBuildPhase; buildActionMask = 2147483647; files = (); runOnlyForDeploymentPostprocessing = 0; };
		A10000000000000000000025 /* Sources */ = {isa = PBXSourcesBuildPhase; buildActionMask = 2147483647; files = (); runOnlyForDeploymentPostprocessing = 0; };
		A10000000000000000000043 /* Sources */ = {isa = PBXSourcesBuildPhase; buildActionMask = 2147483647; files = (); runOnlyForDeploymentPostprocessing = 0; };
/* End PBXSourcesBuildPhase section */

/* Begin PBXTargetDependency section */
		A10000000000000000000033 /* PBXTargetDependency */ = {isa = PBXTargetDependency; target = A10000000000000000000023 /* Share */; targetProxy = A10000000000000000000032 /* PBXContainerItemProxy */; };
		A1000000000000000000004A /* PBXTargetDependency */ = {isa = PBXTargetDependency; target = A10000000000000000000006 /* Orbital */; targetProxy = A10000000000000000000049 /* PBXContainerItemProxy */; };
/* End PBXTargetDependency section */

/* Begin XCBuildConfiguration section */
		A10000000000000000000013 /* Debug */ = {
			isa = XCBuildConfiguration;
			buildSettings = {
				ALWAYS_SEARCH_USER_PATHS = NO;
				CLANG_ENABLE_MODULES = YES;
				DEBUG_INFORMATION_FORMAT = dwarf;
				ENABLE_TESTABILITY = YES;
				IPHONEOS_DEPLOYMENT_TARGET = 26.0;
				ONLY_ACTIVE_ARCH = YES;
				SDKROOT = iphoneos;
				SWIFT_ACTIVE_COMPILATION_CONDITIONS = DEBUG;
				SWIFT_OPTIMIZATION_LEVEL = "-Onone";
			};
			name = Debug;
		};
		A10000000000000000000014 /* Release */ = {
			isa = XCBuildConfiguration;
			buildSettings = {
				ALWAYS_SEARCH_USER_PATHS = NO;
				CLANG_ENABLE_MODULES = YES;
				DEBUG_INFORMATION_FORMAT = "dwarf-with-dsym";
				IPHONEOS_DEPLOYMENT_TARGET = 26.0;
				SDKROOT = iphoneos;
				SWIFT_COMPILATION_MODE = wholemodule;
				VALIDATE_PRODUCT = YES;
			};
			name = Release;
		};
		A10000000000000000000015 /* Debug */ = {
			isa = XCBuildConfiguration;
			buildSettings = {
				ASSETCATALOG_COMPILER_APPICON_NAME = AppIcon;
				CODE_SIGN_ENTITLEMENTS = Orbital.entitlements;
				CODE_SIGN_STYLE = Automatic;
				CURRENT_PROJECT_VERSION = 1;
				DEVELOPMENT_TEAM = 6DA7MK99T2;
				ENABLE_USER_SCRIPT_SANDBOXING = NO;
				GENERATE_INFOPLIST_FILE = YES;
				INFOPLIST_FILE = "Orbital-Info.plist";
				INFOPLIST_KEY_CFBundleDisplayName = Orbital;
				INFOPLIST_KEY_UIApplicationSceneManifest_Generation = YES;
				INFOPLIST_KEY_ITSAppUsesNonExemptEncryption = NO;
				INFOPLIST_KEY_NSMicrophoneUsageDescription = "Orbital listens while you dictate a task, and sends what you said to ChatGPT to write it down.";
				INFOPLIST_KEY_UILaunchScreen_Generation = YES;
				INFOPLIST_KEY_UISupportedInterfaceOrientations = UIInterfaceOrientationPortrait;
				LD_RUNPATH_SEARCH_PATHS = ("$(inherited)", "@executable_path/Frameworks");
				MARKETING_VERSION = 0.1;
				PRODUCT_BUNDLE_IDENTIFIER = com.dreetje.orbital;
				PRODUCT_NAME = "$(TARGET_NAME)";
				SWIFT_VERSION = 5.0;
				TARGETED_DEVICE_FAMILY = 1;
			};
			name = Debug;
		};
		A10000000000000000000016 /* Release */ = {
			isa = XCBuildConfiguration;
			buildSettings = {
				ASSETCATALOG_COMPILER_APPICON_NAME = AppIcon;
				CODE_SIGN_ENTITLEMENTS = Orbital.entitlements;
				CODE_SIGN_STYLE = Automatic;
				CURRENT_PROJECT_VERSION = 1;
				DEVELOPMENT_TEAM = 6DA7MK99T2;
				ENABLE_USER_SCRIPT_SANDBOXING = NO;
				GENERATE_INFOPLIST_FILE = YES;
				INFOPLIST_FILE = "Orbital-Info.plist";
				INFOPLIST_KEY_CFBundleDisplayName = Orbital;
				INFOPLIST_KEY_UIApplicationSceneManifest_Generation = YES;
				INFOPLIST_KEY_ITSAppUsesNonExemptEncryption = NO;
				INFOPLIST_KEY_NSMicrophoneUsageDescription = "Orbital listens while you dictate a task, and sends what you said to ChatGPT to write it down.";
				INFOPLIST_KEY_UILaunchScreen_Generation = YES;
				INFOPLIST_KEY_UISupportedInterfaceOrientations = UIInterfaceOrientationPortrait;
				LD_RUNPATH_SEARCH_PATHS = ("$(inherited)", "@executable_path/Frameworks");
				MARKETING_VERSION = 0.1;
				PRODUCT_BUNDLE_IDENTIFIER = com.dreetje.orbital;
				PRODUCT_NAME = "$(TARGET_NAME)";
				SWIFT_VERSION = 5.0;
				TARGETED_DEVICE_FAMILY = 1;
			};
			name = Release;
		};
		A10000000000000000000028 /* Debug */ = {
			isa = XCBuildConfiguration;
			buildSettings = {
				APPLICATION_EXTENSION_API_ONLY = YES;
				CODE_SIGN_ENTITLEMENTS = Share.entitlements;
				CODE_SIGN_STYLE = Automatic;
				CURRENT_PROJECT_VERSION = 1;
				DEVELOPMENT_TEAM = 6DA7MK99T2;
				GENERATE_INFOPLIST_FILE = YES;
				INFOPLIST_FILE = "Share-Info.plist";
				INFOPLIST_KEY_CFBundleDisplayName = Orbital;
				LD_RUNPATH_SEARCH_PATHS = ("$(inherited)", "@executable_path/Frameworks", "@executable_path/../../Frameworks");
				MARKETING_VERSION = 0.1;
				PRODUCT_BUNDLE_IDENTIFIER = com.dreetje.orbital.timeline; /* the Share extension, under the app id this team already has a device profile for: a new id needs an Apple account in Xcode to register */
				PRODUCT_NAME = "$(TARGET_NAME)";
				SKIP_INSTALL = YES;
				SWIFT_VERSION = 5.0;
				TARGETED_DEVICE_FAMILY = 1;
			};
			name = Debug;
		};
		A10000000000000000000029 /* Release */ = {
			isa = XCBuildConfiguration;
			buildSettings = {
				APPLICATION_EXTENSION_API_ONLY = YES;
				CODE_SIGN_ENTITLEMENTS = Share.entitlements;
				CODE_SIGN_STYLE = Automatic;
				CURRENT_PROJECT_VERSION = 1;
				DEVELOPMENT_TEAM = 6DA7MK99T2;
				GENERATE_INFOPLIST_FILE = YES;
				INFOPLIST_FILE = "Share-Info.plist";
				INFOPLIST_KEY_CFBundleDisplayName = Orbital;
				LD_RUNPATH_SEARCH_PATHS = ("$(inherited)", "@executable_path/Frameworks", "@executable_path/../../Frameworks");
				MARKETING_VERSION = 0.1;
				PRODUCT_BUNDLE_IDENTIFIER = com.dreetje.orbital.timeline; /* the Share extension, under the app id this team already has a device profile for: a new id needs an Apple account in Xcode to register */
				PRODUCT_NAME = "$(TARGET_NAME)";
				SKIP_INSTALL = YES;
				SWIFT_VERSION = 5.0;
				TARGETED_DEVICE_FAMILY = 1;
			};
			name = Release;
		};
		A10000000000000000000047 /* Debug */ = {
			isa = XCBuildConfiguration;
			buildSettings = {
				CODE_SIGN_STYLE = Automatic;
				DEVELOPMENT_TEAM = 6DA7MK99T2;
				GENERATE_INFOPLIST_FILE = YES;
				PRODUCT_BUNDLE_IDENTIFIER = com.dreetje.orbital.uitests;
				PRODUCT_NAME = "$(TARGET_NAME)";
				SWIFT_VERSION = 5.0;
				TARGETED_DEVICE_FAMILY = 1;
				TEST_TARGET_NAME = Orbital;
			};
			name = Debug;
		};
		A10000000000000000000048 /* Release */ = {
			isa = XCBuildConfiguration;
			buildSettings = {
				CODE_SIGN_STYLE = Automatic;
				DEVELOPMENT_TEAM = 6DA7MK99T2;
				GENERATE_INFOPLIST_FILE = YES;
				PRODUCT_BUNDLE_IDENTIFIER = com.dreetje.orbital.uitests;
				PRODUCT_NAME = "$(TARGET_NAME)";
				SWIFT_VERSION = 5.0;
				TARGETED_DEVICE_FAMILY = 1;
				TEST_TARGET_NAME = Orbital;
			};
			name = Release;
		};
/* End XCBuildConfiguration section */

/* Begin XCConfigurationList section */
		A10000000000000000000011 /* Build configuration list for PBXNativeTarget "Orbital" */ = {
			isa = XCConfigurationList;
			buildConfigurations = (A10000000000000000000015 /* Debug */, A10000000000000000000016 /* Release */);
			defaultConfigurationIsVisible = 0;
			defaultConfigurationName = Release;
		};
		A10000000000000000000012 /* Build configuration list for PBXProject "Orbital" */ = {
			isa = XCConfigurationList;
			buildConfigurations = (A10000000000000000000013 /* Debug */, A10000000000000000000014 /* Release */);
			defaultConfigurationIsVisible = 0;
			defaultConfigurationName = Release;
		};
		A10000000000000000000024 /* Build configuration list for PBXNativeTarget "Share" */ = {
			isa = XCConfigurationList;
			buildConfigurations = (A10000000000000000000028 /* Debug */, A10000000000000000000029 /* Release */);
			defaultConfigurationIsVisible = 0;
			defaultConfigurationName = Release;
		};
		A10000000000000000000046 /* Build configuration list for PBXNativeTarget "OrbitalUITests" */ = {
			isa = XCConfigurationList;
			buildConfigurations = (A10000000000000000000047 /* Debug */, A10000000000000000000048 /* Release */);
			defaultConfigurationIsVisible = 0;
			defaultConfigurationName = Release;
		};
/* End XCConfigurationList section */
	};
	rootObject = A10000000000000000000010 /* Project object */;
}
